
Microsoft Visual Studio Solution File, Format Version 12.00
# Visual Studio Version 17
VisualStudioVersion = 17.10.34916.146
MinimumVisualStudioVersion = 10.0.40219.1
Project("{2150E333-8FDC-42A3-9474-1A3956D46DE8}") = "Source", "Source", "{4397389E-9101-4B68-86FF-27613D708678}"
EndProject
Project("{9A19103F-16F7-4668-BE54-9A1E7A4F7556}") = "TaxiApp.Domain", "Source\TaxiApp.Domain\TaxiApp.Domain.csproj", "{B4F42EE6-A743-406E-9CCF-9EE495A3BDC6}"
EndProject
Project("{FAE04EC0-301F-11D3-BF4B-00C04F79EFBC}") = "TaxiApp.Applicaion", "Source\TaxiApp.Applicaion\TaxiApp.Applicaion.csproj", "{BD6DB636-AE6F-4A9F-974C-F6D6335060F9}"
EndProject
Project("{FAE04EC0-301F-11D3-BF4B-00C04F79EFBC}") = "TaxiApp.Domain.Shared", "Source\TaxiApp.Domain.Shared\TaxiApp.Domain.Shared.csproj", "{AAB8ADF3-0FCC-4E5C-883A-8FCAE794B7C3}"
EndProject
Project("{FAE04EC0-301F-11D3-BF4B-00C04F79EFBC}") = "TaxiApp.Application.Contracts", "Source\TaxiApp.Application.Contracts\TaxiApp.Application.Contracts.csproj", "{8926810B-D19A-4CE0-801C-7C66A2C845EE}"
EndProject
Project("{FAE04EC0-301F-11D3-BF4B-00C04F79EFBC}") = "TaxiApp.EntityFrameworkCore", "Source\TaxiApp.EntityFrameworkCore\TaxiApp.EntityFrameworkCore.csproj", "{D16938FB-BF1E-4F67-8C83-A9B86089E27A}"
EndProject
Project("{FAE04EC0-301F-11D3-BF4B-00C04F79EFBC}") = "TaxiApp.HttpApi", "Source\TaxiApp.HttpApi\TaxiApp.HttpApi.csproj", "{6B9DA069-6DD5-4FDD-96C9-118C54179732}"
EndProject
Project("{2150E333-8FDC-42A3-9474-1A3956D46DE8}") = "Test", "Test", "{39F7A130-6B33-4987-849E-D87C8234B857}"
EndProject
Project("{FAE04EC0-301F-11D3-BF4B-00C04F79EFBC}") = "TaxiApp.Application.Tests", "Test\TaxiApp.Application.Tests\TaxiApp.Application.Tests.csproj", "{AC71E055-73F1-4A5C-B7FD-F877F96EA70D}"
EndProject
Global
	GlobalSection(SolutionConfigurationPlatforms) = preSolution
		Debug|Any CPU = Debug|Any CPU
		Release|Any CPU = Release|Any CPU
	EndGlobalSection
	GlobalSection(ProjectConfigurationPlatforms) = postSolution
		{B4F42EE6-A743-406E-9CCF-9EE495A3BDC6}.Debug|Any CPU.ActiveCfg = Debug|Any CPU
		{B4F42EE6-A743-406E-9CCF-9EE495A3BDC6}.Debug|Any CPU.Build.0 = Debug|Any CPU
		{B4F42EE6-A743-406E-9CCF-9EE495A3BDC6}.Release|Any CPU.ActiveCfg = Release|Any CPU
		{B4F42EE6-A743-406E-9CCF-9EE495A3BDC6}.Release|Any CPU.Build.0 = Release|Any CPU
		{BD6DB636-AE6F-4A9F-974C-F6D6335060F9}.Debug|Any CPU.ActiveCfg = Debug|Any CPU
		{BD6DB636-AE6F-4A9F-974C-F6D6335060F9}.Debug|Any CPU.Build.0 = Debug|Any CPU
		{BD6DB636-AE6F-4A9F-974C-F6D6335060F9}.Release|Any CPU.ActiveCfg = Release|Any CPU
		{BD6DB636-AE6F-4A9F-974C-F6D6335060F9}.Release|Any CPU.Build.0 = Release|Any CPU
		{AAB8ADF3-0FCC-4E5C-883A-8FCAE794B7C3}.Debug|Any CPU.ActiveCfg = Debug|Any CPU
		{AAB8ADF3-0FCC-4E5C-883A-8FCAE794B7C3}.Debug|Any CPU.Build.0 = Debug|Any CPU
		{AAB8ADF3-0FCC-4E5C-883A-8FCAE794B7C3}.Release|Any CPU.ActiveCfg = Release|Any CPU
		{AAB8ADF3-0FCC-4E5C-883A-8FCAE794B7C3}.Release|Any CPU.Build.0 = Release|Any CPU
		{8926810B-D19A-4CE0-801C-7C66A2C845EE}.Debug|Any CPU.ActiveCfg = Debug|Any CPU
		{8926810B-D19A-4CE0-801C-7C66A2C845EE}.Debug|Any CPU.Build.0 = Debug|Any CPU
		{8926810B-D19A-4CE0-801C-7C66A2C845EE}.Release|Any CPU.ActiveCfg = Release|Any CPU
		{8926810B-D19A-4CE0-801C-7C66A2C845EE}.Release|Any CPU.Build.0 = Release|Any CPU
		{D16938FB-BF1E-4F67-8C83-A9B86089E27A}.Debug|Any CPU.ActiveCfg = Debug|Any CPU
		{D16938FB-BF1E-4F67-8C83-A9B86089E27A}.Debug|Any CPU.Build.0 = Debug|Any CPU
		{D16938FB-BF1E-4F67-8C83-A9B86089E27A}.Release|Any CPU.ActiveCfg = Release|Any CPU
		{D16938FB-BF1E-4F67-8C83-A9B86089E27A}.Release|Any CPU.Build.0 = Release|Any CPU
		{6B9DA069-6DD5-4FDD-96C9-118C54179732}.Debug|Any CPU.ActiveCfg = Debug|Any CPU
		{6B9DA069-6DD5-4FDD-96C9-118C54179732}.Debug|Any CPU.Build.0 = Debug|Any CPU
		{6B9DA069-6DD5-4FDD-96C9-118C54179732}.Release|Any CPU.ActiveCfg = Release|Any CPU
		{6B9DA069-6DD5-4FDD-96C9-118C54179732}.Release|Any CPU.Build.0 = Release|Any CPU
		{AC71E055-73F1-4A5C-B7FD-F877F96EA70D}.Debug|Any CPU.ActiveCfg = Debug|Any CPU
		{AC71E055-73F1-4A5C-B7FD-F877F96EA70D}.Debug|Any CPU.Build.0 = Debug|Any CPU
		{AC71E055-73F1-4A5C-B7FD-F877F96EA70D}.Release|Any CPU.ActiveCfg = Release|Any CPU
		{AC71E055-73F1-4A5C-B7FD-F877F96EA70D}.Release|Any CPU.Build.0 = Release|Any CPU
	EndGlobalSection
	GlobalSection(SolutionProperties) = preSolution
		HideSolutionNode = FALSE
	EndGlobalSection
	GlobalSection(NestedProjects) = preSolution
		{B4F42EE6-A743-406E-9CCF-9EE495A3BDC6} = {4397389E-9101-4B68-86FF-27613D708678}
		{BD6DB636-AE6F-4A9F-974C-F6D6335060F9} = {4397389E-9101-4B68-86FF-27613D708678}
		{AAB8ADF3-0FCC-4E5C-883A-8FCAE794B7C3} = {4397389E-9101-4B68-86FF-27613D708678}
		{8926810B-D19A-4CE0-801C-7C66A2C845EE} = {4397389E-9101-4B68-86FF-27613D708678}
		{D16938FB-BF1E-4F67-8C83-A9B86089E27A} = {4397389E-9101-4B68-86FF-27613D708678}
		{6B9DA069-6DD5-4FDD-96C9-118C54179732} = {4397389E-9101-4B68-86FF-27613D708678}
		{AC71E055-73F1-4A5C-B7FD-F877F96EA70D} = {39F7A130-6B33-4987-849E-D87C8234B857}
	EndGlobalSection
	GlobalSection(ExtensibilityGlobals) = postSolution
		SolutionGuid = {E195D9F9-2160-4EFF-AD5C-6DE790A19A10}
	EndGlobalSection
EndGlobal
